{
  "lockfile_version": "1",
  "packages": {
    "fluxcd@latest": {
      "last_modified": "2025-12-03T03:51:48Z",
      "resolved": "github:NixOS/nixpkgs/cadcc8de247676e4751c9d4a935acb2c0b059113#fluxcd",
      "source": "devbox-search",
      "version": "2.7.5",
      "systems": {
        "aarch64-darwin": {
          "outputs": [
            {
              "name": "out",
              "path": "/nix/store/fpbq0wq1anzw05syjp8g89kvki6a7w7f-fluxcd-2.7.5",
              "default": true
            }
          ],
          "store_path": "/nix/store/fpbq0wq1anzw05syjp8g89kvki6a7w7f-fluxcd-2.7.5"
        },
        "aarch64-linux": {
          "outputs": [
            {
              "name": "out",
              "path": "/nix/store/b5chqp1b7v3dalrf2y9mp022xjl4mya6-fluxcd-2.7.5",
              "default": true
            }
          ],
          "store_path": "/nix/store/b5chqp1b7v3dalrf2y9mp022xjl4mya6-fluxcd-2.7.5"
        },
        "x86_64-darwin": {
          "outputs": [
            {
              "name": "out",
              "path": "/nix/store/78kbb0rlxbfsp1glzp7c78qczcy1wgcm-fluxcd-2.7.5",
              "default": true
            }
          ],
          "store_path": "/nix/store/78kbb0rlxbfsp1glzp7c78qczcy1wgcm-fluxcd-2.7.5"
        },
        "x86_64-linux": {
          "outputs": [
            {
              "name": "out",
              "path": "/nix/store/ymnq3v3pgca5cwhcdk2r990i9n2j6hhq-fluxcd-2.7.5",
              "default": true
            }
          ],
          "store_path": "/nix/store/ymnq3v3pgca5cwhcdk2r990i9n2j6hhq-fluxcd-2.7.5"
        }
      }
    },
    "github:NixOS/nixpkgs/nixpkgs-unstable": {
      "last_modified": "2025-12-27T03:48:10Z",
      "resolved": "github:NixOS/nixpkgs/4eec65df50d796a8fd9c146a09b5007916ce376b?lastModified=1766807290&narHash=sha256-7sgUQMKMDvpeu9cwE7mWJfP9N3wJduunmJ%2Fs8LOd9nk%3D"
    },
    "just@latest": {
      "last_modified": "2025-12-23T23:26:46Z",
      "resolved": "github:NixOS/nixpkgs/8142186f001295e5a3239f485c8a49bf2de2695a#just",
      "source": "devbox-search",
      "version": "1.45.0",
      "systems": {
        "aarch64-darwin": {
          "outputs": [
            {
              "name": "out",
              "path": "/nix/store/dnqnfckpvljd2wrklgi1w60kkg5jqpwd-just-1.45.0",
              "default": true
            },
            {
              "name": "man",
              "path": "/nix/store/qfackb9kni5iqn6w5kpbgwprw018bks3-just-1.45.0-man",
              "default": true
            },
            {
              "name": "doc",
              "path": "/nix/store/kgd01a0pgv3l1kb37x7hsc5lmhzrn5bn-just-1.45.0-doc"
            }
          ],
          "store_path": "/nix/store/dnqnfckpvljd2wrklgi1w60kkg5jqpwd-just-1.45.0"
        },
        "aarch64-linux": {
          "outputs": [
            {
              "name": "out",
              "path": "/nix/store/mavl1yn8l6r0b09kzjkgznxy63gh288a-just-1.45.0",
              "default": true
            },
            {
              "name": "man",
              "path": "/nix/store/m70r8y918iy933wal5zfyvhxqa7bfdn9-just-1.45.0-man",
              "default": true
            },
            {
              "name": "doc",
              "path": "/nix/store/w6825ipbfc1rjs51n61s9vfwc3b4x8ql-just-1.45.0-doc"
            }
          ],
          "store_path": "/nix/store/mavl1yn8l6r0b09kzjkgznxy63gh288a-just-1.45.0"
        },
        "x86_64-darwin": {
          "outputs": [
            {
              "name": "out",
              "path": "/nix/store/0bvn84ws9jrbf7v37y0l0wzi33yhgksl-just-1.45.0",
              "default": true
            },
            {
              "name": "man",
              "path": "/nix/store/izikr96cnxx13nx8rm2dhdll550vcd06-just-1.45.0-man",
              "default": true
            },
            {
              "name": "doc",
              "path": "/nix/store/kacp6gdhhpdw6nzag1krnhlw6bm89450-just-1.45.0-doc"
            }
          ],
          "store_path": "/nix/store/0bvn84ws9jrbf7v37y0l0wzi33yhgksl-just-1.45.0"
        },
        "x86_64-linux": {
          "outputs": [
            {
              "name": "out",
              "path": "/nix/store/710vjw3c4hgfg0gqlnzwvvl0hx7q2iq9-just-1.45.0",
              "default": true
            },
            {
              "name": "man",
              "path": "/nix/store/18yq20bqfgx4xzy8fa9pxwwr0k8gcl7w-just-1.45.0-man",
              "default": true
            },
            {
              "name": "doc",
              "path": "/nix/store/64di9vxvrsg69qlnswki7p4h95wrqg19-just-1.45.0-doc"
            }
          ],
          "store_path": "/nix/store/710vjw3c4hgfg0gqlnzwvvl0hx7q2iq9-just-1.45.0"
        }
      }
    },
    "kubectl@latest": {
      "last_modified": "2025-12-16T16:49:59Z",
      "resolved": "github:NixOS/nixpkgs/e8d16d2186d6ed9f047eb30948e97e7e01886d10#kubectl",
      "source": "devbox-search",
      "version": "1.34.3",
      "systems": {
        "aarch64-darwin": {
          "outputs": [
            {
              "name": "out",
              "path": "/nix/store/wh7x3h048nvpnz9iv8m2wff57rcbns4h-kubectl-1.34.3",
              "default": true
            },
            {
              "name": "man",
              "path": "/nix/store/0z1gk04zvcpy5zm43j42p9sxdkx9gsap-kubectl-1.34.3-man",
              "default": true
            },
            {
              "name": "convert",
              "path": "/nix/store/sgjynqwjc1bzd9j90x50l1f4k8av0q7y-kubectl-1.34.3-convert"
            }
          ],
          "store_path": "/nix/store/wh7x3h048nvpnz9iv8m2wff57rcbns4h-kubectl-1.34.3"
        },
        "aarch64-linux": {
          "outputs": [
            {
              "name": "out",
              "path": "/nix/store/sm68c4d3gg7sch2fpa3ilmlxilqm9525-kubectl-1.34.3",
              "default": true
            },
            {
              "name": "man",
              "path": "/nix/store/d1ld1hbv276y9342aq4wa3x1mjfsd0wq-kubectl-1.34.3-man",
              "default": true
            },
            {
              "name": "convert",
              "path": "/nix/store/2s84f8b0y40879v5vxarlg8h5i6whjab-kubectl-1.34.3-convert"
            }
          ],
          "store_path": "/nix/store/sm68c4d3gg7sch2fpa3ilmlxilqm9525-kubectl-1.34.3"
        },
        "x86_64-darwin": {
          "outputs": [
            {
              "name": "out",
              "path": "/nix/store/4rbd3ml1ibkbp41vp23p3712m5ziqcfm-kubectl-1.34.3",
              "default": true
            },
            {
              "name": "man",
              "path": "/nix/store/k83zqin5j3879l38dly5w4nfg536p170-kubectl-1.34.3-man",
              "default": true
            },
            {
              "name": "convert",
              "path": "/nix/store/r9dni0s5zc9hka7zbi36jglqlj3n7bgm-kubectl-1.34.3-convert"
            }
          ],
          "store_path": "/nix/store/4rbd3ml1ibkbp41vp23p3712m5ziqcfm-kubectl-1.34.3"
        },
        "x86_64-linux": {
          "outputs": [
            {
              "name": "out",
              "path": "/nix/store/589b0djk7wn3k3chyzp9a6wi6al95wn1-kubectl-1.34.3",
              "default": true
            },
            {
              "name": "man",
              "path": "/nix/store/sc5pab1b1hd20gpvk5rzj638wkgz0pvz-kubectl-1.34.3-man",
              "default": true
            },
            {
              "name": "convert",
              "path": "/nix/store/4cyp95klz5fvnfsizj2n93mfbhmg7v39-kubectl-1.34.3-convert"
            }
          ],
          "store_path": "/nix/store/589b0djk7wn3k3chyzp9a6wi6al95wn1-kubectl-1.34.3"
        }
      }
    },
    "kubernetes-helm@latest": {
      "last_modified": "2025-11-23T21:50:36Z",
      "resolved": "github:NixOS/nixpkgs/ee09932cedcef15aaf476f9343d1dea2cb77e261#kubernetes-helm",
      "source": "devbox-search",
      "version": "3.19.1",
      "systems": {
        "aarch64-darwin": {
          "outputs": [
            {
              "name": "out",
              "path": "/nix/store/xx21h4bmbmhncdlhw5q7gp3wx50x0y5g-kubernetes-helm-3.19.1",
              "default": true
            }
          ],
          "store_path": "/nix/store/xx21h4bmbmhncdlhw5q7gp3wx50x0y5g-kubernetes-helm-3.19.1"
        },
        "aarch64-linux": {
          "outputs": [
            {
              "name": "out",
              "path": "/nix/store/s702f0l23v078mm6jkrbc7bx0qpjrzwm-kubernetes-helm-3.19.1",
              "default": true
            }
          ],
          "store_path": "/nix/store/s702f0l23v078mm6jkrbc7bx0qpjrzwm-kubernetes-helm-3.19.1"
        },
        "x86_64-darwin": {
          "outputs": [
            {
              "name": "out",
              "path": "/nix/store/z2is6ibqddfxx8mb1hybly00hb902h85-kubernetes-helm-3.19.1",
              "default": true
            }
          ],
          "store_path": "/nix/store/z2is6ibqddfxx8mb1hybly00hb902h85-kubernetes-helm-3.19.1"
        },
        "x86_64-linux": {
          "outputs": [
            {
              "name": "out",
              "path": "/nix/store/b7g7s0jpfs93g7s1b556166mcswbkmcx-kubernetes-helm-3.19.1",
              "default": true
            }
          ],
          "store_path": "/nix/store/b7g7s0jpfs93g7s1b556166mcswbkmcx-kubernetes-helm-3.19.1"
        }
      }
    },
    "kubeseal@latest": {
      "last_modified": "2026-01-02T14:39:32Z",
      "resolved": "github:NixOS/nixpkgs/16c7794d0a28b5a37904d55bcca36003b9109aaa#kubeseal",
      "source": "devbox-search",
      "version": "0.34.0",
      "systems": {
        "aarch64-darwin": {
          "outputs": [
            {
              "name": "out",
              "path": "/nix/store/5kxvr6wfaa4cjh5zsiyafq592ca9msy7-kubeseal-0.34.0",
              "default": true
            }
          ],
          "store_path": "/nix/store/5kxvr6wfaa4cjh5zsiyafq592ca9msy7-kubeseal-0.34.0"
        },
        "aarch64-linux": {
          "outputs": [
            {
              "name": "out",
              "path": "/nix/store/bx90ac2h71nk1jm8q3yhw4jqrcz6l8di-kubeseal-0.34.0",
              "default": true
            }
          ],
          "store_path": "/nix/store/bx90ac2h71nk1jm8q3yhw4jqrcz6l8di-kubeseal-0.34.0"
        },
        "x86_64-darwin": {
          "outputs": [
            {
              "name": "out",
              "path": "/nix/store/x1d8ni0w8pwvfl8p0s8zw1vj521r2jlc-kubeseal-0.34.0",
              "default": true
            }
          ],
          "store_path": "/nix/store/x1d8ni0w8pwvfl8p0s8zw1vj521r2jlc-kubeseal-0.34.0"
        },
        "x86_64-linux": {
          "outputs": [
            {
              "name": "out",
              "path": "/nix/store/v3a5sw3m9fb4spds2mn1xq17jkcpkqvd-kubeseal-0.34.0",
              "default": true
            }
          ],
          "store_path": "/nix/store/v3a5sw3m9fb4spds2mn1xq17jkcpkqvd-kubeseal-0.34.0"
        }
      }
    }
  }
}
