{
  "lockfile_version": "1",
  "packages": {
    "github:NixOS/nixpkgs/nixpkgs-unstable": {
      "last_modified": "2025-12-27T03:48:10Z",
      "resolved": "github:NixOS/nixpkgs/4eec65df50d796a8fd9c146a09b5007916ce376b?lastModified=1766807290&narHash=sha256-7sgUQMKMDvpeu9cwE7mWJfP9N3wJduunmJ%2Fs8LOd9nk%3D"
    },
    "just@latest": {
      "last_modified": "2025-11-23T21:50:36Z",
      "resolved": "github:NixOS/nixpkgs/ee09932cedcef15aaf476f9343d1dea2cb77e261#just",
      "source": "devbox-search",
      "version": "1.43.1",
      "systems": {
        "aarch64-darwin": {
          "outputs": [
            {
              "name": "out",
              "path": "/nix/store/g6cidwix7lzzb0i5lpisvb7gx051qsc1-just-1.43.1",
              "default": true
            },
            {
              "name": "man",
              "path": "/nix/store/y8ggbr7rq06mpqsdckpdsxzhjkspw63g-just-1.43.1-man",
              "default": true
            },
            {
              "name": "doc",
              "path": "/nix/store/g2z02i3a2z17h9cmx04sp7zpzzgzkqh8-just-1.43.1-doc"
            }
          ],
          "store_path": "/nix/store/g6cidwix7lzzb0i5lpisvb7gx051qsc1-just-1.43.1"
        },
        "aarch64-linux": {
          "outputs": [
            {
              "name": "out",
              "path": "/nix/store/ni4jn8rsn0h49lng7hdq6584zc4gpy9l-just-1.43.1",
              "default": true
            },
            {
              "name": "man",
              "path": "/nix/store/59aflmjxv0qbkaqzmjni4yydg873dl5v-just-1.43.1-man",
              "default": true
            },
            {
              "name": "doc",
              "path": "/nix/store/99qn6axss3rk7c681rkhj9zza0ax2i74-just-1.43.1-doc"
            }
          ],
          "store_path": "/nix/store/ni4jn8rsn0h49lng7hdq6584zc4gpy9l-just-1.43.1"
        },
        "x86_64-darwin": {
          "outputs": [
            {
              "name": "out",
              "path": "/nix/store/aa9459rdk1lzj2yd27csaasn9hb98ckr-just-1.43.1",
              "default": true
            },
            {
              "name": "man",
              "path": "/nix/store/j67aa2bj6ssz61x4bh0ga0z1qzzv3prp-just-1.43.1-man",
              "default": true
            },
            {
              "name": "doc",
              "path": "/nix/store/kqx5lgjwpaipi7whnydwkl72alwvn5jz-just-1.43.1-doc"
            }
          ],
          "store_path": "/nix/store/aa9459rdk1lzj2yd27csaasn9hb98ckr-just-1.43.1"
        },
        "x86_64-linux": {
          "outputs": [
            {
              "name": "out",
              "path": "/nix/store/kkmg0vkp9y4jp9yqgzrml0fgac9lfcyq-just-1.43.1",
              "default": true
            },
            {
              "name": "man",
              "path": "/nix/store/ib17hahpg1vpgh1ll0r7nb6rkmilpiil-just-1.43.1-man",
              "default": true
            },
            {
              "name": "doc",
              "path": "/nix/store/idyx9h5gmcnzzqbjb50nwf30i4g1050v-just-1.43.1-doc"
            }
          ],
          "store_path": "/nix/store/kkmg0vkp9y4jp9yqgzrml0fgac9lfcyq-just-1.43.1"
        }
      }
    },
    "k9s@0.50.16": {
      "last_modified": "2025-11-23T21:50:36Z",
      "resolved": "github:NixOS/nixpkgs/ee09932cedcef15aaf476f9343d1dea2cb77e261#k9s",
      "source": "devbox-search",
      "version": "0.50.16",
      "systems": {
        "aarch64-darwin": {
          "outputs": [
            {
              "name": "out",
              "path": "/nix/store/7w9y9pw23xy1g6lahacdqalkflf2b713-k9s-0.50.16",
              "default": true
            }
          ],
          "store_path": "/nix/store/7w9y9pw23xy1g6lahacdqalkflf2b713-k9s-0.50.16"
        },
        "aarch64-linux": {
          "outputs": [
            {
              "name": "out",
              "path": "/nix/store/lp85svzq5n4xl3v18jmi0sga1glkbx47-k9s-0.50.16",
              "default": true
            }
          ],
          "store_path": "/nix/store/lp85svzq5n4xl3v18jmi0sga1glkbx47-k9s-0.50.16"
        },
        "x86_64-darwin": {
          "outputs": [
            {
              "name": "out",
              "path": "/nix/store/bjzs9wn700s1mkh9qmydvvr4n21xav5r-k9s-0.50.16",
              "default": true
            }
          ],
          "store_path": "/nix/store/bjzs9wn700s1mkh9qmydvvr4n21xav5r-k9s-0.50.16"
        },
        "x86_64-linux": {
          "outputs": [
            {
              "name": "out",
              "path": "/nix/store/b31w4n54rbhgzzh21xyrkag0i8ipqz2h-k9s-0.50.16",
              "default": true
            }
          ],
          "store_path": "/nix/store/b31w4n54rbhgzzh21xyrkag0i8ipqz2h-k9s-0.50.16"
        }
      }
    },
    "kubectl@latest": {
      "last_modified": "2025-12-16T16:49:59Z",
      "resolved": "github:NixOS/nixpkgs/e8d16d2186d6ed9f047eb30948e97e7e01886d10#kubectl",
      "source": "devbox-search",
      "version": "1.34.3",
      "systems": {
        "aarch64-darwin": {
          "outputs": [
            {
              "name": "out",
              "path": "/nix/store/wh7x3h048nvpnz9iv8m2wff57rcbns4h-kubectl-1.34.3",
              "default": true
            },
            {
              "name": "man",
              "path": "/nix/store/0z1gk04zvcpy5zm43j42p9sxdkx9gsap-kubectl-1.34.3-man",
              "default": true
            },
            {
              "name": "convert",
              "path": "/nix/store/sgjynqwjc1bzd9j90x50l1f4k8av0q7y-kubectl-1.34.3-convert"
            }
          ],
          "store_path": "/nix/store/wh7x3h048nvpnz9iv8m2wff57rcbns4h-kubectl-1.34.3"
        },
        "aarch64-linux": {
          "outputs": [
            {
              "name": "out",
              "path": "/nix/store/sm68c4d3gg7sch2fpa3ilmlxilqm9525-kubectl-1.34.3",
              "default": true
            },
            {
              "name": "man",
              "path": "/nix/store/d1ld1hbv276y9342aq4wa3x1mjfsd0wq-kubectl-1.34.3-man",
              "default": true
            },
            {
              "name": "convert",
              "path": "/nix/store/2s84f8b0y40879v5vxarlg8h5i6whjab-kubectl-1.34.3-convert"
            }
          ],
          "store_path": "/nix/store/sm68c4d3gg7sch2fpa3ilmlxilqm9525-kubectl-1.34.3"
        },
        "x86_64-darwin": {
          "outputs": [
            {
              "name": "out",
              "path": "/nix/store/4rbd3ml1ibkbp41vp23p3712m5ziqcfm-kubectl-1.34.3",
              "default": true
            },
            {
              "name": "man",
              "path": "/nix/store/k83zqin5j3879l38dly5w4nfg536p170-kubectl-1.34.3-man",
              "default": true
            },
            {
              "name": "convert",
              "path": "/nix/store/r9dni0s5zc9hka7zbi36jglqlj3n7bgm-kubectl-1.34.3-convert"
            }
          ],
          "store_path": "/nix/store/4rbd3ml1ibkbp41vp23p3712m5ziqcfm-kubectl-1.34.3"
        },
        "x86_64-linux": {
          "outputs": [
            {
              "name": "out",
              "path": "/nix/store/589b0djk7wn3k3chyzp9a6wi6al95wn1-kubectl-1.34.3",
              "default": true
            },
            {
              "name": "man",
              "path": "/nix/store/sc5pab1b1hd20gpvk5rzj638wkgz0pvz-kubectl-1.34.3-man",
              "default": true
            },
            {
              "name": "convert",
              "path": "/nix/store/4cyp95klz5fvnfsizj2n93mfbhmg7v39-kubectl-1.34.3-convert"
            }
          ],
          "store_path": "/nix/store/589b0djk7wn3k3chyzp9a6wi6al95wn1-kubectl-1.34.3"
        }
      }
    },
    "nixfmt@1.1.0": {
      "last_modified": "2025-11-23T21:50:36Z",
      "resolved": "github:NixOS/nixpkgs/ee09932cedcef15aaf476f9343d1dea2cb77e261#nixfmt",
      "source": "devbox-search",
      "version": "1.1.0",
      "systems": {
        "aarch64-darwin": {
          "outputs": [
            {
              "name": "out",
              "path": "/nix/store/gwm41cy59il5wjgh4j5gsrj9adqifv7f-nixfmt-1.1.0",
              "default": true
            }
          ],
          "store_path": "/nix/store/gwm41cy59il5wjgh4j5gsrj9adqifv7f-nixfmt-1.1.0"
        },
        "aarch64-linux": {
          "outputs": [
            {
              "name": "out",
              "path": "/nix/store/8i2bgxqpamx48g48lprqrw4wgdc41cf9-nixfmt-1.1.0",
              "default": true
            }
          ],
          "store_path": "/nix/store/8i2bgxqpamx48g48lprqrw4wgdc41cf9-nixfmt-1.1.0"
        },
        "x86_64-darwin": {
          "outputs": [
            {
              "name": "out",
              "path": "/nix/store/jcdh58bsrl5hcggrpp7n0bcf34j4qzkk-nixfmt-1.1.0",
              "default": true
            }
          ],
          "store_path": "/nix/store/jcdh58bsrl5hcggrpp7n0bcf34j4qzkk-nixfmt-1.1.0"
        },
        "x86_64-linux": {
          "outputs": [
            {
              "name": "out",
              "path": "/nix/store/szjqgwcv0c593fvrjgdw4zszd5fx4p0m-nixfmt-1.1.0",
              "default": true
            }
          ],
          "store_path": "/nix/store/szjqgwcv0c593fvrjgdw4zszd5fx4p0m-nixfmt-1.1.0"
        }
      }
    },
    "sops@latest": {
      "last_modified": "2025-11-23T21:50:36Z",
      "resolved": "github:NixOS/nixpkgs/ee09932cedcef15aaf476f9343d1dea2cb77e261#sops",
      "source": "devbox-search",
      "version": "3.11.0",
      "systems": {
        "aarch64-darwin": {
          "outputs": [
            {
              "name": "out",
              "path": "/nix/store/pnqy3wnpf4qx451dia2s54xl047fhyng-sops-3.11.0",
              "default": true
            }
          ],
          "store_path": "/nix/store/pnqy3wnpf4qx451dia2s54xl047fhyng-sops-3.11.0"
        },
        "aarch64-linux": {
          "outputs": [
            {
              "name": "out",
              "path": "/nix/store/kizxykq45gg1y81pclavg0h8cg9y70na-sops-3.11.0",
              "default": true
            }
          ],
          "store_path": "/nix/store/kizxykq45gg1y81pclavg0h8cg9y70na-sops-3.11.0"
        },
        "x86_64-darwin": {
          "outputs": [
            {
              "name": "out",
              "path": "/nix/store/1lhv618ylh4w9rq2ax0r3ggy9c526gah-sops-3.11.0",
              "default": true
            }
          ],
          "store_path": "/nix/store/1lhv618ylh4w9rq2ax0r3ggy9c526gah-sops-3.11.0"
        },
        "x86_64-linux": {
          "outputs": [
            {
              "name": "out",
              "path": "/nix/store/mc0z6fk8npa3i4ag8znwiy26yrvmiibp-sops-3.11.0",
              "default": true
            }
          ],
          "store_path": "/nix/store/mc0z6fk8npa3i4ag8znwiy26yrvmiibp-sops-3.11.0"
        }
      }
    }
  }
}
