{
  "lockfile_version": "1",
  "packages": {
    "cilium-cli@latest": {
      "last_modified": "2025-11-23T21:50:36Z",
      "resolved": "github:NixOS/nixpkgs/ee09932cedcef15aaf476f9343d1dea2cb77e261#cilium-cli",
      "source": "devbox-search",
      "version": "0.18.8",
      "systems": {
        "aarch64-darwin": {
          "outputs": [
            {
              "name": "out",
              "path": "/nix/store/arrn3yh7cf7rp8ydqh1w60ry5wb9c6nh-cilium-cli-0.18.8",
              "default": true
            }
          ],
          "store_path": "/nix/store/arrn3yh7cf7rp8ydqh1w60ry5wb9c6nh-cilium-cli-0.18.8"
        },
        "aarch64-linux": {
          "outputs": [
            {
              "name": "out",
              "path": "/nix/store/qahfw3s2gn3ggalgwp2h9y667m5fr5xr-cilium-cli-0.18.8",
              "default": true
            }
          ],
          "store_path": "/nix/store/qahfw3s2gn3ggalgwp2h9y667m5fr5xr-cilium-cli-0.18.8"
        },
        "x86_64-darwin": {
          "outputs": [
            {
              "name": "out",
              "path": "/nix/store/ljdqda5fvrvc5fln0g9rcyfpj65f02rf-cilium-cli-0.18.8",
              "default": true
            }
          ],
          "store_path": "/nix/store/ljdqda5fvrvc5fln0g9rcyfpj65f02rf-cilium-cli-0.18.8"
        },
        "x86_64-linux": {
          "outputs": [
            {
              "name": "out",
              "path": "/nix/store/rbn2sksain1wzmxjjfpmc0slkdhbbb36-cilium-cli-0.18.8",
              "default": true
            }
          ],
          "store_path": "/nix/store/rbn2sksain1wzmxjjfpmc0slkdhbbb36-cilium-cli-0.18.8"
        }
      }
    },
    "fluxcd@latest": {
      "last_modified": "2025-12-03T03:51:48Z",
      "resolved": "github:NixOS/nixpkgs/cadcc8de247676e4751c9d4a935acb2c0b059113#fluxcd",
      "source": "devbox-search",
      "version": "2.7.5",
      "systems": {
        "aarch64-darwin": {
          "outputs": [
            {
              "name": "out",
              "path": "/nix/store/fpbq0wq1anzw05syjp8g89kvki6a7w7f-fluxcd-2.7.5",
              "default": true
            }
          ],
          "store_path": "/nix/store/fpbq0wq1anzw05syjp8g89kvki6a7w7f-fluxcd-2.7.5"
        },
        "aarch64-linux": {
          "outputs": [
            {
              "name": "out",
              "path": "/nix/store/b5chqp1b7v3dalrf2y9mp022xjl4mya6-fluxcd-2.7.5",
              "default": true
            }
          ],
          "store_path": "/nix/store/b5chqp1b7v3dalrf2y9mp022xjl4mya6-fluxcd-2.7.5"
        },
        "x86_64-darwin": {
          "outputs": [
            {
              "name": "out",
              "path": "/nix/store/78kbb0rlxbfsp1glzp7c78qczcy1wgcm-fluxcd-2.7.5",
              "default": true
            }
          ],
          "store_path": "/nix/store/78kbb0rlxbfsp1glzp7c78qczcy1wgcm-fluxcd-2.7.5"
        },
        "x86_64-linux": {
          "outputs": [
            {
              "name": "out",
              "path": "/nix/store/ymnq3v3pgca5cwhcdk2r990i9n2j6hhq-fluxcd-2.7.5",
              "default": true
            }
          ],
          "store_path": "/nix/store/ymnq3v3pgca5cwhcdk2r990i9n2j6hhq-fluxcd-2.7.5"
        }
      }
    },
    "github:NixOS/nixpkgs/nixpkgs-unstable": {
      "last_modified": "2025-12-27T03:48:10Z",
      "resolved": "github:NixOS/nixpkgs/4eec65df50d796a8fd9c146a09b5007916ce376b?lastModified=1766807290&narHash=sha256-7sgUQMKMDvpeu9cwE7mWJfP9N3wJduunmJ%2Fs8LOd9nk%3D"
    },
    "just@latest": {
      "last_modified": "2025-11-23T21:50:36Z",
      "resolved": "github:NixOS/nixpkgs/ee09932cedcef15aaf476f9343d1dea2cb77e261#just",
      "source": "devbox-search",
      "version": "1.43.1",
      "systems": {
        "aarch64-darwin": {
          "outputs": [
            {
              "name": "out",
              "path": "/nix/store/g6cidwix7lzzb0i5lpisvb7gx051qsc1-just-1.43.1",
              "default": true
            },
            {
              "name": "man",
              "path": "/nix/store/y8ggbr7rq06mpqsdckpdsxzhjkspw63g-just-1.43.1-man",
              "default": true
            },
            {
              "name": "doc",
              "path": "/nix/store/g2z02i3a2z17h9cmx04sp7zpzzgzkqh8-just-1.43.1-doc"
            }
          ],
          "store_path": "/nix/store/g6cidwix7lzzb0i5lpisvb7gx051qsc1-just-1.43.1"
        },
        "aarch64-linux": {
          "outputs": [
            {
              "name": "out",
              "path": "/nix/store/ni4jn8rsn0h49lng7hdq6584zc4gpy9l-just-1.43.1",
              "default": true
            },
            {
              "name": "man",
              "path": "/nix/store/59aflmjxv0qbkaqzmjni4yydg873dl5v-just-1.43.1-man",
              "default": true
            },
            {
              "name": "doc",
              "path": "/nix/store/99qn6axss3rk7c681rkhj9zza0ax2i74-just-1.43.1-doc"
            }
          ],
          "store_path": "/nix/store/ni4jn8rsn0h49lng7hdq6584zc4gpy9l-just-1.43.1"
        },
        "x86_64-darwin": {
          "outputs": [
            {
              "name": "out",
              "path": "/nix/store/aa9459rdk1lzj2yd27csaasn9hb98ckr-just-1.43.1",
              "default": true
            },
            {
              "name": "man",
              "path": "/nix/store/j67aa2bj6ssz61x4bh0ga0z1qzzv3prp-just-1.43.1-man",
              "default": true
            },
            {
              "name": "doc",
              "path": "/nix/store/kqx5lgjwpaipi7whnydwkl72alwvn5jz-just-1.43.1-doc"
            }
          ],
          "store_path": "/nix/store/aa9459rdk1lzj2yd27csaasn9hb98ckr-just-1.43.1"
        },
        "x86_64-linux": {
          "outputs": [
            {
              "name": "out",
              "path": "/nix/store/kkmg0vkp9y4jp9yqgzrml0fgac9lfcyq-just-1.43.1",
              "default": true
            },
            {
              "name": "man",
              "path": "/nix/store/ib17hahpg1vpgh1ll0r7nb6rkmilpiil-just-1.43.1-man",
              "default": true
            },
            {
              "name": "doc",
              "path": "/nix/store/idyx9h5gmcnzzqbjb50nwf30i4g1050v-just-1.43.1-doc"
            }
          ],
          "store_path": "/nix/store/kkmg0vkp9y4jp9yqgzrml0fgac9lfcyq-just-1.43.1"
        }
      }
    },
    "k9s@latest": {
      "last_modified": "2025-11-23T21:50:36Z",
      "resolved": "github:NixOS/nixpkgs/ee09932cedcef15aaf476f9343d1dea2cb77e261#k9s",
      "source": "devbox-search",
      "version": "0.50.16",
      "systems": {
        "aarch64-darwin": {
          "outputs": [
            {
              "name": "out",
              "path": "/nix/store/7w9y9pw23xy1g6lahacdqalkflf2b713-k9s-0.50.16",
              "default": true
            }
          ],
          "store_path": "/nix/store/7w9y9pw23xy1g6lahacdqalkflf2b713-k9s-0.50.16"
        },
        "aarch64-linux": {
          "outputs": [
            {
              "name": "out",
              "path": "/nix/store/lp85svzq5n4xl3v18jmi0sga1glkbx47-k9s-0.50.16",
              "default": true
            }
          ],
          "store_path": "/nix/store/lp85svzq5n4xl3v18jmi0sga1glkbx47-k9s-0.50.16"
        },
        "x86_64-darwin": {
          "outputs": [
            {
              "name": "out",
              "path": "/nix/store/bjzs9wn700s1mkh9qmydvvr4n21xav5r-k9s-0.50.16",
              "default": true
            }
          ],
          "store_path": "/nix/store/bjzs9wn700s1mkh9qmydvvr4n21xav5r-k9s-0.50.16"
        },
        "x86_64-linux": {
          "outputs": [
            {
              "name": "out",
              "path": "/nix/store/b31w4n54rbhgzzh21xyrkag0i8ipqz2h-k9s-0.50.16",
              "default": true
            }
          ],
          "store_path": "/nix/store/b31w4n54rbhgzzh21xyrkag0i8ipqz2h-k9s-0.50.16"
        }
      }
    },
    "kubectl@latest": {
      "last_modified": "2025-12-16T16:49:59Z",
      "resolved": "github:NixOS/nixpkgs/e8d16d2186d6ed9f047eb30948e97e7e01886d10#kubectl",
      "source": "devbox-search",
      "version": "1.34.3",
      "systems": {
        "aarch64-darwin": {
          "outputs": [
            {
              "name": "out",
              "path": "/nix/store/wh7x3h048nvpnz9iv8m2wff57rcbns4h-kubectl-1.34.3",
              "default": true
            },
            {
              "name": "man",
              "path": "/nix/store/0z1gk04zvcpy5zm43j42p9sxdkx9gsap-kubectl-1.34.3-man",
              "default": true
            },
            {
              "name": "convert",
              "path": "/nix/store/sgjynqwjc1bzd9j90x50l1f4k8av0q7y-kubectl-1.34.3-convert"
            }
          ],
          "store_path": "/nix/store/wh7x3h048nvpnz9iv8m2wff57rcbns4h-kubectl-1.34.3"
        },
        "aarch64-linux": {
          "outputs": [
            {
              "name": "out",
              "path": "/nix/store/sm68c4d3gg7sch2fpa3ilmlxilqm9525-kubectl-1.34.3",
              "default": true
            },
            {
              "name": "man",
              "path": "/nix/store/d1ld1hbv276y9342aq4wa3x1mjfsd0wq-kubectl-1.34.3-man",
              "default": true
            },
            {
              "name": "convert",
              "path": "/nix/store/2s84f8b0y40879v5vxarlg8h5i6whjab-kubectl-1.34.3-convert"
            }
          ],
          "store_path": "/nix/store/sm68c4d3gg7sch2fpa3ilmlxilqm9525-kubectl-1.34.3"
        },
        "x86_64-darwin": {
          "outputs": [
            {
              "name": "out",
              "path": "/nix/store/4rbd3ml1ibkbp41vp23p3712m5ziqcfm-kubectl-1.34.3",
              "default": true
            },
            {
              "name": "man",
              "path": "/nix/store/k83zqin5j3879l38dly5w4nfg536p170-kubectl-1.34.3-man",
              "default": true
            },
            {
              "name": "convert",
              "path": "/nix/store/r9dni0s5zc9hka7zbi36jglqlj3n7bgm-kubectl-1.34.3-convert"
            }
          ],
          "store_path": "/nix/store/4rbd3ml1ibkbp41vp23p3712m5ziqcfm-kubectl-1.34.3"
        },
        "x86_64-linux": {
          "outputs": [
            {
              "name": "out",
              "path": "/nix/store/589b0djk7wn3k3chyzp9a6wi6al95wn1-kubectl-1.34.3",
              "default": true
            },
            {
              "name": "man",
              "path": "/nix/store/sc5pab1b1hd20gpvk5rzj638wkgz0pvz-kubectl-1.34.3-man",
              "default": true
            },
            {
              "name": "convert",
              "path": "/nix/store/4cyp95klz5fvnfsizj2n93mfbhmg7v39-kubectl-1.34.3-convert"
            }
          ],
          "store_path": "/nix/store/589b0djk7wn3k3chyzp9a6wi6al95wn1-kubectl-1.34.3"
        }
      }
    },
    "kubernetes-helm@latest": {
      "last_modified": "2025-11-23T21:50:36Z",
      "resolved": "github:NixOS/nixpkgs/ee09932cedcef15aaf476f9343d1dea2cb77e261#kubernetes-helm",
      "source": "devbox-search",
      "version": "3.19.1",
      "systems": {
        "aarch64-darwin": {
          "outputs": [
            {
              "name": "out",
              "path": "/nix/store/xx21h4bmbmhncdlhw5q7gp3wx50x0y5g-kubernetes-helm-3.19.1",
              "default": true
            }
          ],
          "store_path": "/nix/store/xx21h4bmbmhncdlhw5q7gp3wx50x0y5g-kubernetes-helm-3.19.1"
        },
        "aarch64-linux": {
          "outputs": [
            {
              "name": "out",
              "path": "/nix/store/s702f0l23v078mm6jkrbc7bx0qpjrzwm-kubernetes-helm-3.19.1",
              "default": true
            }
          ],
          "store_path": "/nix/store/s702f0l23v078mm6jkrbc7bx0qpjrzwm-kubernetes-helm-3.19.1"
        },
        "x86_64-darwin": {
          "outputs": [
            {
              "name": "out",
              "path": "/nix/store/z2is6ibqddfxx8mb1hybly00hb902h85-kubernetes-helm-3.19.1",
              "default": true
            }
          ],
          "store_path": "/nix/store/z2is6ibqddfxx8mb1hybly00hb902h85-kubernetes-helm-3.19.1"
        },
        "x86_64-linux": {
          "outputs": [
            {
              "name": "out",
              "path": "/nix/store/b7g7s0jpfs93g7s1b556166mcswbkmcx-kubernetes-helm-3.19.1",
              "default": true
            }
          ],
          "store_path": "/nix/store/b7g7s0jpfs93g7s1b556166mcswbkmcx-kubernetes-helm-3.19.1"
        }
      }
    },
    "kubeseal@latest": {
      "last_modified": "2026-02-23T15:40:43Z",
      "resolved": "github:NixOS/nixpkgs/80d901ec0377e19ac3f7bb8c035201e2e098cc97#kubeseal",
      "source": "devbox-search",
      "version": "0.34.0",
      "systems": {
        "aarch64-darwin": {
          "outputs": [
            {
              "name": "out",
              "path": "/nix/store/37ypxaz6gnv2cqhh389g7hmhks127p9j-kubeseal-0.34.0",
              "default": true
            }
          ],
          "store_path": "/nix/store/37ypxaz6gnv2cqhh389g7hmhks127p9j-kubeseal-0.34.0"
        },
        "aarch64-linux": {
          "outputs": [
            {
              "name": "out",
              "path": "/nix/store/5q2lxhvqd6vnd92l7g092yn60xgb7swj-kubeseal-0.34.0",
              "default": true
            }
          ],
          "store_path": "/nix/store/5q2lxhvqd6vnd92l7g092yn60xgb7swj-kubeseal-0.34.0"
        },
        "x86_64-darwin": {
          "outputs": [
            {
              "name": "out",
              "path": "/nix/store/lfiqz18hz807il7z2s8jrgiscmbbrl83-kubeseal-0.34.0",
              "default": true
            }
          ],
          "store_path": "/nix/store/lfiqz18hz807il7z2s8jrgiscmbbrl83-kubeseal-0.34.0"
        },
        "x86_64-linux": {
          "outputs": [
            {
              "name": "out",
              "path": "/nix/store/k9g7crk5g0k9jj4qvzgwzx4l7fcs07bm-kubeseal-0.34.0",
              "default": true
            }
          ],
          "store_path": "/nix/store/k9g7crk5g0k9jj4qvzgwzx4l7fcs07bm-kubeseal-0.34.0"
        }
      }
    },
    "sops@latest": {
      "last_modified": "2025-11-23T21:50:36Z",
      "resolved": "github:NixOS/nixpkgs/ee09932cedcef15aaf476f9343d1dea2cb77e261#sops",
      "source": "devbox-search",
      "version": "3.11.0",
      "systems": {
        "aarch64-darwin": {
          "outputs": [
            {
              "name": "out",
              "path": "/nix/store/pnqy3wnpf4qx451dia2s54xl047fhyng-sops-3.11.0",
              "default": true
            }
          ],
          "store_path": "/nix/store/pnqy3wnpf4qx451dia2s54xl047fhyng-sops-3.11.0"
        },
        "aarch64-linux": {
          "outputs": [
            {
              "name": "out",
              "path": "/nix/store/kizxykq45gg1y81pclavg0h8cg9y70na-sops-3.11.0",
              "default": true
            }
          ],
          "store_path": "/nix/store/kizxykq45gg1y81pclavg0h8cg9y70na-sops-3.11.0"
        },
        "x86_64-darwin": {
          "outputs": [
            {
              "name": "out",
              "path": "/nix/store/1lhv618ylh4w9rq2ax0r3ggy9c526gah-sops-3.11.0",
              "default": true
            }
          ],
          "store_path": "/nix/store/1lhv618ylh4w9rq2ax0r3ggy9c526gah-sops-3.11.0"
        },
        "x86_64-linux": {
          "outputs": [
            {
              "name": "out",
              "path": "/nix/store/mc0z6fk8npa3i4ag8znwiy26yrvmiibp-sops-3.11.0",
              "default": true
            }
          ],
          "store_path": "/nix/store/mc0z6fk8npa3i4ag8znwiy26yrvmiibp-sops-3.11.0"
        }
      }
    },
    "talhelper@3.1.5": {
      "last_modified": "2026-02-23T15:40:43Z",
      "resolved": "github:NixOS/nixpkgs/80d901ec0377e19ac3f7bb8c035201e2e098cc97#talhelper",
      "source": "devbox-search",
      "version": "3.1.5",
      "systems": {
        "aarch64-darwin": {
          "outputs": [
            {
              "name": "out",
              "path": "/nix/store/i50sx4v6qvniv6m6kzqbwbq45qil6lza-talhelper-3.1.5",
              "default": true
            }
          ],
          "store_path": "/nix/store/i50sx4v6qvniv6m6kzqbwbq45qil6lza-talhelper-3.1.5"
        },
        "aarch64-linux": {
          "outputs": [
            {
              "name": "out",
              "path": "/nix/store/29nygy6glsgm4ffvx72v2rc0q69654x5-talhelper-3.1.5",
              "default": true
            }
          ],
          "store_path": "/nix/store/29nygy6glsgm4ffvx72v2rc0q69654x5-talhelper-3.1.5"
        },
        "x86_64-darwin": {
          "outputs": [
            {
              "name": "out",
              "path": "/nix/store/p6mq1jlqh6ghj0l0hyv7xz876f060j86-talhelper-3.1.5",
              "default": true
            }
          ],
          "store_path": "/nix/store/p6mq1jlqh6ghj0l0hyv7xz876f060j86-talhelper-3.1.5"
        },
        "x86_64-linux": {
          "outputs": [
            {
              "name": "out",
              "path": "/nix/store/yfj5ks9lpvlishvzqy0xxgdfaizrfxgm-talhelper-3.1.5",
              "default": true
            }
          ],
          "store_path": "/nix/store/yfj5ks9lpvlishvzqy0xxgdfaizrfxgm-talhelper-3.1.5"
        }
      }
    },
    "talosctl@1.11.6": {
      "last_modified": "2025-12-21T10:48:17Z",
      "resolved": "github:NixOS/nixpkgs/306ea70f9eb0fb4e040f8540e2deab32ed7e2055#talosctl",
      "source": "devbox-search",
      "version": "1.11.6",
      "systems": {
        "aarch64-darwin": {
          "outputs": [
            {
              "name": "out",
              "path": "/nix/store/fa6qn4fkzm9ks716aldk4bqiym254gsn-talosctl-1.11.6",
              "default": true
            }
          ],
          "store_path": "/nix/store/fa6qn4fkzm9ks716aldk4bqiym254gsn-talosctl-1.11.6"
        },
        "aarch64-linux": {
          "outputs": [
            {
              "name": "out",
              "path": "/nix/store/aaqjkmnvb3py1qclmkh4sszj988fhj1y-talosctl-1.11.6",
              "default": true
            }
          ],
          "store_path": "/nix/store/aaqjkmnvb3py1qclmkh4sszj988fhj1y-talosctl-1.11.6"
        },
        "x86_64-darwin": {
          "outputs": [
            {
              "name": "out",
              "path": "/nix/store/0cli85l4pb3928il5dm3a3kn2f019g79-talosctl-1.11.6",
              "default": true
            }
          ],
          "store_path": "/nix/store/0cli85l4pb3928il5dm3a3kn2f019g79-talosctl-1.11.6"
        },
        "x86_64-linux": {
          "outputs": [
            {
              "name": "out",
              "path": "/nix/store/qfkxsg1mxv1s284yjb8xgiw4pqz5mhwp-talosctl-1.11.6",
              "default": true
            }
          ],
          "store_path": "/nix/store/qfkxsg1mxv1s284yjb8xgiw4pqz5mhwp-talosctl-1.11.6"
        }
      }
    },
    "yq-go@latest": {
      "last_modified": "2025-12-15T04:22:15Z",
      "resolved": "github:NixOS/nixpkgs/09b8fda8959d761445f12b55f380d90375a1d6bb#yq-go",
      "source": "devbox-search",
      "version": "4.50.1",
      "systems": {
        "aarch64-darwin": {
          "outputs": [
            {
              "name": "out",
              "path": "/nix/store/3y3aq58bp35iwxlbkz3d91sph50wlmls-yq-go-4.50.1",
              "default": true
            }
          ],
          "store_path": "/nix/store/3y3aq58bp35iwxlbkz3d91sph50wlmls-yq-go-4.50.1"
        },
        "aarch64-linux": {
          "outputs": [
            {
              "name": "out",
              "path": "/nix/store/1yfc76bww15qsvsqmry8k9glkql2r0z0-yq-go-4.50.1",
              "default": true
            }
          ],
          "store_path": "/nix/store/1yfc76bww15qsvsqmry8k9glkql2r0z0-yq-go-4.50.1"
        },
        "x86_64-darwin": {
          "outputs": [
            {
              "name": "out",
              "path": "/nix/store/rmyvyk5shq34zpsc8g31d0q71k75izbr-yq-go-4.50.1",
              "default": true
            }
          ],
          "store_path": "/nix/store/rmyvyk5shq34zpsc8g31d0q71k75izbr-yq-go-4.50.1"
        },
        "x86_64-linux": {
          "outputs": [
            {
              "name": "out",
              "path": "/nix/store/q19pyndq69l2ca6vcazj0bjhzfpd1kyj-yq-go-4.50.1",
              "default": true
            }
          ],
          "store_path": "/nix/store/q19pyndq69l2ca6vcazj0bjhzfpd1kyj-yq-go-4.50.1"
        }
      }
    }
  }
}
